// !$*UTF8*$!
{
	archiveVersion = 1;
	classes = {
	};
	objectVersion = 56;
	objects = {

/* Begin PBXBuildFile section */
		F10A8B342975B4E600550465 /* AppDelegate.swift in Sources */ = {isa = PBXBuildFile; fileRef = F10A8B332975B4E600550465 /* AppDelegate.swift */; };
		F10A8B362975B4E600550465 /* SceneDelegate.swift in Sources */ = {isa = PBXBuildFile; fileRef = F10A8B352975B4E600550465 /* SceneDelegate.swift */; };
		F10A8B382975B4E600550465 /* ViewController.swift in Sources */ = {isa = PBXBuildFile; fileRef = F10A8B372975B4E600550465 /* ViewController.swift */; };
		F10A8B3B2975B4E600550465 /* Main.storyboard in Resources */ = {isa = PBXBuildFile; fileRef = F10A8B392975B4E600550465 /* Main.storyboard */; };
		F10A8B3D2975B4E900550465 /* Assets.xcassets in Resources */ = {isa = PBXBuildFile; fileRef = F10A8B3C2975B4E900550465 /* Assets.xcassets */; };
		F10A8B402975B4E900550465 /* LaunchScreen.storyboard in Resources */ = {isa = PBXBuildFile; fileRef = F10A8B3E2975B4E900550465 /* LaunchScreen.storyboard */; };
		F10A8B4B2975B4EA00550465 /* introduceStudentTests.swift in Sources */ = {isa = PBXBuildFile; fileRef = F10A8B4A2975B4EA00550465 /* introduceStudentTests.swift */; };
		F10A8B552975B4EA00550465 /* introduceStudentUITests.swift in Sources */ = {isa = PBXBuildFile; fileRef = F10A8B542975B4EA00550465 /* introduceStudentUITests.swift */; };
		F10A8B572975B4EA00550465 /* introduceStudentUITestsLaunchTests.swift in Sources */ = {isa = PBXBuildFile; fileRef = F10A8B562975B4EA00550465 /* introduceStudentUITestsLaunchTests.swift */; };
/* End PBXBuildFile section */

/* Begin PBXContainerItemProxy section */
		F10A8B472975B4EA00550465 /* PBXContainerItemProxy */ = {
			isa = PBXContainerItemProxy;
			containerPortal = F10A8B282975B4E600550465 /* Project object */;
			proxyType = 1;
			remoteGlobalIDString = F10A8B2F2975B4E600550465;
			remoteInfo = introduceStudent;
		};
		F10A8B512975B4EA00550465 /* PBXContainerItemProxy */ = {
			isa = PBXContainerItemProxy;
			containerPortal = F10A8B282975B4E600550465 /* Project object */;
			proxyType = 1;
			remoteGlobalIDString = F10A8B2F2975B4E600550465;
			remoteInfo = introduceStudent;
		};
/* End PBXContainerItemProxy section */

/* Begin PBXFileReference section */
		F10A8B302975B4E600550465 /* introduceStudent.app */ = {isa = PBXFileReference; explicitFileType = wrapper.application; includeInIndex = 0; path = introduceStudent.app; sourceTree = BUILT_PRODUCTS_DIR; };
		F10A8B332975B4E600550465 /* AppDelegate.swift */ = {isa = PBXFileReference; lastKnownFileType = sourcecode.swift; path = AppDelegate.swift; sourceTree = "<group>"; };
		F10A8B352975B4E600550465 /* SceneDelegate.swift */ = {isa = PBXFileReference; lastKnownFileType = sourcecode.swift; path = SceneDelegate.swift; sourceTree = "<group>"; };
		F10A8B372975B4E600550465 /* ViewController.swift */ = {isa = PBXFileReference; lastKnownFileType = sourcecode.swift; path = ViewController.swift; sourceTree = "<group>"; };
		F10A8B3A2975B4E600550465 /* Base */ = {isa = PBXFileReference; lastKnownFileType = file.storyboard; name = Base; path = Base.lproj/Main.storyboard; sourceTree = "<group>"; };
		F10A8B3C2975B4E900550465 /* Assets.xcassets */ = {isa = PBXFileReference; lastKnownFileType = folder.assetcatalog; path = Assets.xcassets; sourceTree = "<group>"; };
		F10A8B3F2975B4E900550465 /* Base */ = {isa = PBXFileReference; lastKnownFileType = file.storyboard; name = Base; path = Base.lproj/LaunchScreen.storyboard; sourceTree = "<group>"; };
		F10A8B412975B4E900550465 /* Info.plist */ = {isa = PBXFileReference; lastKnownFileType = text.plist.xml; path = Info.plist; sourceTree = "<group>"; };
		F10A8B462975B4EA00550465 /* introduceStudentTests.xctest */ = {isa = PBXFileReference; explicitFileType = wrapper.cfbundle; includeInIndex = 0; path = introduceStudentTests.xctest; sourceTree = BUILT_PRODUCTS_DIR; };
		F10A8B4A2975B4EA00550465 /* introduceStudentTests.swift */ = {isa = PBXFileReference; lastKnownFileType = sourcecode.swift; path = introduceStudentTests.swift; sourceTree = "<group>"; };
		F10A8B502975B4EA00550465 /* introduceStudentUITests.xctest */ = {isa = PBXFileReference; explicitFileType = wrapper.cfbundle; includeInIndex = 0; path = introduceStudentUITests.xctest; sourceTree = BUILT_PRODUCTS_DIR; };
		F10A8B542975B4EA00550465 /* introduceStudentUITests.swift */ = {isa = PBXFileReference; lastKnownFileType = sourcecode.swift; path = introduceStudentUITests.swift; sourceTree = "<group>"; };
		F10A8B562975B4EA00550465 /* introduceStudentUITestsLaunchTests.swift */ = {isa = PBXFileReference; lastKnownFileType = sourcecode.swift; path = introduceStudentUITestsLaunchTests.swift; sourceTree = "<group>"; };
/* End PBXFileReference section */

/* Begin PBXFrameworksBuildPhase section */
		F10A8B2D2975B4E600550465 /* Frameworks */ = {
			isa = PBXFrameworksBuildPhase;
			buildActionMask = 2147483647;
			files = (
			);
			runOnlyForDeploymentPostprocessing = 0;
		};
		F10A8B432975B4EA00550465 /* Frameworks */ = {
			isa = PBXFrameworksBuildPhase;
			buildActionMask = 2147483647;
			files = (
			);
			runOnlyForDeploymentPostprocessing = 0;
		};
		F10A8B4D2975B4EA00550465 /* Frameworks */ = {
			isa = PBXFrameworksBuildPhase;
			buildActionMask = 2147483647;
			files = (
			);
			runOnlyForDeploymentPostprocessing = 0;
		};
/* End PBXFrameworksBuildPhase section */

/* Begin PBXGroup section */
		F10A8B272975B4E600550465 = {
			isa = PBXGroup;
			children = (
				F10A8B322975B4E600550465 /* introduceStudent */,
				F10A8B492975B4EA00550465 /* introduceStudentTests */,
				F10A8B532975B4EA00550465 /* introduceStudentUITests */,
				F10A8B312975B4E600550465 /* Products */,
			);
			sourceTree = "<group>";
		};
		F10A8B312975B4E600550465 /* Products */ = {
			isa = PBXGroup;
			children = (
				F10A8B302975B4E600550465 /* introduceStudent.app */,
				F10A8B462975B4EA00550465 /* introduceStudentTests.xctest */,
				F10A8B502975B4EA00550465 /* introduceStudentUITests.xctest */,
			);
			name = Products;
			sourceTree = "<group>";
		};
		F10A8B322975B4E600550465 /* introduceStudent */ = {
			isa = PBXGroup;
			children = (
				F10A8B332975B4E600550465 /* AppDelegate.swift */,
				F10A8B352975B4E600550465 /* SceneDelegate.swift */,
				F10A8B372975B4E600550465 /* ViewController.swift */,
				F10A8B392975B4E600550465 /* Main.storyboard */,
				F10A8B3C2975B4E900550465 /* Assets.xcassets */,
				F10A8B3E2975B4E900550465 /* LaunchScreen.storyboard */,
				F10A8B412975B4E900550465 /* Info.plist */,
			);
			path = introduceStudent;
			sourceTree = "<group>";
		};
		F10A8B492975B4EA00550465 /* introduceStudentTests */ = {
			isa = PBXGroup;
			children = (
				F10A8B4A2975B4EA00550465 /* introduceStudentTests.swift */,
			);
			path = introduceStudentTests;
			sourceTree = "<group>";
		};
		F10A8B532975B4EA00550465 /* introduceStudentUITests */ = {
			isa = PBXGroup;
			children = (
				F10A8B542975B4EA00550465 /* introduceStudentUITests.swift */,
				F10A8B562975B4EA00550465 /* introduceStudentUITestsLaunchTests.swift */,
			);
			path = introduceStudentUITests;
			sourceTree = "<group>";
		};
/* End PBXGroup section */

/* Begin PBXNativeTarget section */
		F10A8B2F2975B4E600550465 /* introduceStudent */ = {
			isa = PBXNativeTarget;
			buildConfigurationList = F10A8B5A2975B4EA00550465 /* Build configuration list for PBXNativeTarget "introduceStudent" */;
			buildPhases = (
				F10A8B2C2975B4E600550465 /* Sources */,
				F10A8B2D2975B4E600550465 /* Frameworks */,
				F10A8B2E2975B4E600550465 /* Resources */,
			);
			buildRules = (
			);
			dependencies = (
			);
			name = introduceStudent;
			productName = introduceStudent;
			productReference = F10A8B302975B4E600550465 /* introduceStudent.app */;
			productType = "com.apple.product-type.application";
		};
		F10A8B452975B4EA00550465 /* introduceStudentTests */ = {
			isa = PBXNativeTarget;
			buildConfigurationList = F10A8B5D2975B4EA00550465 /* Build configuration list for PBXNativeTarget "introduceStudentTests" */;
			buildPhases = (
				F10A8B422975B4EA00550465 /* Sources */,
				F10A8B432975B4EA00550465 /* Frameworks */,
				F10A8B442975B4EA00550465 /* Resources */,
			);
			buildRules = (
			);
			dependencies = (
				F10A8B482975B4EA00550465 /* PBXTargetDependency */,
			);
			name = introduceStudentTests;
			productName = introduceStudentTests;
			productReference = F10A8B462975B4EA00550465 /* introduceStudentTests.xctest */;
			productType = "com.apple.product-type.bundle.unit-test";
		};
		F10A8B4F2975B4EA00550465 /* introduceStudentUITests */ = {
			isa = PBXNativeTarget;
			buildConfigurationList = F10A8B602975B4EA00550465 /* Build configuration list for PBXNativeTarget "introduceStudentUITests" */;
			buildPhases = (
				F10A8B4C2975B4EA00550465 /* Sources */,
				F10A8B4D2975B4EA00550465 /* Frameworks */,
				F10A8B4E2975B4EA00550465 /* Resources */,
			);
			buildRules = (
			);
			dependencies = (
				F10A8B522975B4EA00550465 /* PBXTargetDependency */,
			);
			name = introduceStudentUITests;
			productName = introduceStudentUITests;
			productReference = F10A8B502975B4EA00550465 /* introduceStudentUITests.xctest */;
			productType = "com.apple.product-type.bundle.ui-testing";
		};
/* End PBXNativeTarget section */

/* Begin PBXProject section */
		F10A8B282975B4E600550465 /* Project object */ = {
			isa = PBXProject;
			attributes = {
				BuildIndependentTargetsInParallel = 1;
				LastSwiftUpdateCheck = 1400;
				LastUpgradeCheck = 1400;
				TargetAttributes = {
					F10A8B2F2975B4E600550465 = {
						CreatedOnToolsVersion = 14.0.1;
					};
					F10A8B452975B4EA00550465 = {
						CreatedOnToolsVersion = 14.0.1;
						TestTargetID = F10A8B2F2975B4E600550465;
					};
					F10A8B4F2975B4EA00550465 = {
						CreatedOnToolsVersion = 14.0.1;
						TestTargetID = F10A8B2F2975B4E600550465;
					};
				};
			};
			buildConfigurationList = F10A8B2B2975B4E600550465 /* Build configuration list for PBXProject "introduceStudent" */;
			compatibilityVersion = "Xcode 14.0";
			developmentRegion = en;
			hasScannedForEncodings = 0;
			knownRegions = (
				en,
				Base,
			);
			mainGroup = F10A8B272975B4E600550465;
			productRefGroup = F10A8B312975B4E600550465 /* Products */;
			projectDirPath = "";
			projectRoot = "";
			targets = (
				F10A8B2F2975B4E600550465 /* introduceStudent */,
				F10A8B452975B4EA00550465 /* introduceStudentTests */,
				F10A8B4F2975B4EA00550465 /* introduceStudentUITests */,
			);
		};
/* End PBXProject section */

/* Begin PBXResourcesBuildPhase section */
		F10A8B2E2975B4E600550465 /* Resources */ = {
			isa = PBXResourcesBuildPhase;
			buildActionMask = 2147483647;
			files = (
				F10A8B402975B4E900550465 /* LaunchScreen.storyboard in Resources */,
				F10A8B3D2975B4E900550465 /* Assets.xcassets in Resources */,
				F10A8B3B2975B4E600550465 /* Main.storyboard in Resources */,
			);
			runOnlyForDeploymentPostprocessing = 0;
		};
		F10A8B442975B4EA00550465 /* Resources */ = {
			isa = PBXResourcesBuildPhase;
			buildActionMask = 2147483647;
			files = (
			);
			runOnlyForDeploymentPostprocessing = 0;
		};
		F10A8B4E2975B4EA00550465 /* Resources */ = {
			isa = PBXResourcesBuildPhase;
			buildActionMask = 2147483647;
			files = (
			);
			runOnlyForDeploymentPostprocessing = 0;
		};
/* End PBXResourcesBuildPhase section */

/* Begin PBXSourcesBuildPhase section */
		F10A8B2C2975B4E600550465 /* Sources */ = {
			isa = PBXSourcesBuildPhase;
			buildActionMask = 2147483647;
			files = (
				F10A8B382975B4E600550465 /* ViewController.swift in Sources */,
				F10A8B342975B4E600550465 /* AppDelegate.swift in Sources */,
				F10A8B362975B4E600550465 /* SceneDelegate.swift in Sources */,
			);
			runOnlyForDeploymentPostprocessing = 0;
		};
		F10A8B422975B4EA00550465 /* Sources */ = {
			isa = PBXSourcesBuildPhase;
			buildActionMask = 2147483647;
			files = (
				F10A8B4B2975B4EA00550465 /* introduceStudentTests.swift in Sources */,
			);
			runOnlyForDeploymentPostprocessing = 0;
		};
		F10A8B4C2975B4EA00550465 /* Sources */ = {
			isa = PBXSourcesBuildPhase;
			buildActionMask = 2147483647;
			files = (
				F10A8B572975B4EA00550465 /* introduceStudentUITestsLaunchTests.swift in Sources */,
				F10A8B552975B4EA00550465 /* introduceStudentUITests.swift in Sources */,
			);
			runOnlyForDeploymentPostprocessing = 0;
		};
/* End PBXSourcesBuildPhase section */

/* Begin PBXTargetDependency section */
		F10A8B482975B4EA00550465 /* PBXTargetDependency */ = {
			isa = PBXTargetDependency;
			target = F10A8B2F2975B4E600550465 /* introduceStudent */;
			targetProxy = F10A8B472975B4EA00550465 /* PBXContainerItemProxy */;
		};
		F10A8B522975B4EA00550465 /* PBXTargetDependency */ = {
			isa = PBXTargetDependency;
			target = F10A8B2F2975B4E600550465 /* introduceStudent */;
			targetProxy = F10A8B512975B4EA00550465 /* PBXContainerItemProxy */;
		};
/* End PBXTargetDependency section */

/* Begin PBXVariantGroup section */
		F10A8B392975B4E600550465 /* Main.storyboard */ = {
			isa = PBXVariantGroup;
			children = (
				F10A8B3A2975B4E600550465 /* Base */,
			);
			name = Main.storyboard;
			sourceTree = "<group>";
		};
		F10A8B3E2975B4E900550465 /* LaunchScreen.storyboard */ = {
			isa = PBXVariantGroup;
			children = (
				F10A8B3F2975B4E900550465 /* Base */,
			);
			name = LaunchScreen.storyboard;
			sourceTree = "<group>";
		};
/* End PBXVariantGroup section */

/* Begin XCBuildConfiguration section */
		F10A8B582975B4EA00550465 /* Debug */ = {
			isa = XCBuildConfiguration;
			buildSettings = {
				ALWAYS_SEARCH_USER_PATHS = NO;
				CLANG_ANALYZER_NONNULL = YES;
				CLANG_ANALYZER_NUMBER_OBJECT_CONVERSION = YES_AGGRESSIVE;
				CLANG_CXX_LANGUAGE_STANDARD = "gnu++20";
				CLANG_ENABLE_MODULES = YES;
				CLANG_ENABLE_OBJC_ARC = YES;
				CLANG_ENABLE_OBJC_WEAK = YES;
				CLANG_WARN_BLOCK_CAPTURE_AUTORELEASING = YES;
				CLANG_WARN_BOOL_CONVERSION = YES;
				CLANG_WARN_COMMA = YES;
				CLANG_WARN_CONSTANT_CONVERSION = YES;
				CLANG_WARN_DEPRECATED_OBJC_IMPLEMENTATIONS = YES;
				CLANG_WARN_DIRECT_OBJC_ISA_USAGE = YES_ERROR;
				CLANG_WARN_DOCUMENTATION_COMMENTS = YES;
				CLANG_WARN_EMPTY_BODY = YES;
				CLANG_WARN_ENUM_CONVERSION = YES;
				CLANG_WARN_INFINITE_RECURSION = YES;
				CLANG_WARN_INT_CONVERSION = YES;
				CLANG_WARN_NON_LITERAL_NULL_CONVERSION = YES;
				CLANG_WARN_OBJC_IMPLICIT_RETAIN_SELF = YES;
				CLANG_WARN_OBJC_LITERAL_CONVERSION = YES;
				CLANG_WARN_OBJC_ROOT_CLASS = YES_ERROR;
				CLANG_WARN_QUOTED_INCLUDE_IN_FRAMEWORK_HEADER = YES;
				CLANG_WARN_RANGE_LOOP_ANALYSIS = YES;
				CLANG_WARN_STRICT_PROTOTYPES = YES;
				CLANG_WARN_SUSPICIOUS_MOVE = YES;
				CLANG_WARN_UNGUARDED_AVAILABILITY = YES_AGGRESSIVE;
				CLANG_WARN_UNREACHABLE_CODE = YES;
				CLANG_WARN__DUPLICATE_METHOD_MATCH = YES;
				COPY_PHASE_STRIP = NO;
				DEBUG_INFORMATION_FORMAT = dwarf;
				ENABLE_STRICT_OBJC_MSGSEND = YES;
				ENABLE_TESTABILITY = YES;
				GCC_C_LANGUAGE_STANDARD = gnu11;
				GCC_DYNAMIC_NO_PIC = NO;
				GCC_NO_COMMON_BLOCKS = YES;
				GCC_OPTIMIZATION_LEVEL = 0;
				GCC_PREPROCESSOR_DEFINITIONS = (
					"DEBUG=1",
					"$(inherited)",
				);
				GCC_WARN_64_TO_32_BIT_CONVERSION = YES;
				GCC_WARN_ABOUT_RETURN_TYPE = YES_ERROR;
				GCC_WARN_UNDECLARED_SELECTOR = YES;
				GCC_WARN_UNINITIALIZED_AUTOS = YES_AGGRESSIVE;
				GCC_WARN_UNUSED_FUNCTION = YES;
				GCC_WARN_UNUSED_VARIABLE = YES;
				IPHONEOS_DEPLOYMENT_TARGET = 16.0;
				MTL_ENABLE_DEBUG_INFO = INCLUDE_SOURCE;
				MTL_FAST_MATH = YES;
				ONLY_ACTIVE_ARCH = YES;
				SDKROOT = iphoneos;
				SWIFT_ACTIVE_COMPILATION_CONDITIONS = DEBUG;
				SWIFT_OPTIMIZATION_LEVEL = "-Onone";
			};
			name = Debug;
		};
		F10A8B592975B4EA00550465 /* Release */ = {
			isa = XCBuildConfiguration;
			buildSettings = {
				ALWAYS_SEARCH_USER_PATHS = NO;
				CLANG_ANALYZER_NONNULL = YES;
				CLANG_ANALYZER_NUMBER_OBJECT_CONVERSION = YES_AGGRESSIVE;
				CLANG_CXX_LANGUAGE_STANDARD = "gnu++20";
				CLANG_ENABLE_MODULES = YES;
				CLANG_ENABLE_OBJC_ARC = YES;
				CLANG_ENABLE_OBJC_WEAK = YES;
				CLANG_WARN_BLOCK_CAPTURE_AUTORELEASING = YES;
				CLANG_WARN_BOOL_CONVERSION = YES;
				CLANG_WARN_COMMA = YES;
				CLANG_WARN_CONSTANT_CONVERSION = YES;
				CLANG_WARN_DEPRECATED_OBJC_IMPLEMENTATIONS = YES;
				CLANG_WARN_DIRECT_OBJC_ISA_USAGE = YES_ERROR;
				CLANG_WARN_DOCUMENTATION_COMMENTS = YES;
				CLANG_WARN_EMPTY_BODY = YES;
				CLANG_WARN_ENUM_CONVERSION = YES;
				CLANG_WARN_INFINITE_RECURSION = YES;
				CLANG_WARN_INT_CONVERSION = YES;
				CLANG_WARN_NON_LITERAL_NULL_CONVERSION = YES;
				CLANG_WARN_OBJC_IMPLICIT_RETAIN_SELF = YES;
				CLANG_WARN_OBJC_LITERAL_CONVERSION = YES;
				CLANG_WARN_OBJC_ROOT_CLASS = YES_ERROR;
				CLANG_WARN_QUOTED_INCLUDE_IN_FRAMEWORK_HEADER = YES;
				CLANG_WARN_RANGE_LOOP_ANALYSIS = YES;
				CLANG_WARN_STRICT_PROTOTYPES = YES;
				CLANG_WARN_SUSPICIOUS_MOVE = YES;
				CLANG_WARN_UNGUARDED_AVAILABILITY = YES_AGGRESSIVE;
				CLANG_WARN_UNREACHABLE_CODE = YES;
				CLANG_WARN__DUPLICATE_METHOD_MATCH = YES;
				COPY_PHASE_STRIP = NO;
				DEBUG_INFORMATION_FORMAT = "dwarf-with-dsym";
				ENABLE_NS_ASSERTIONS = NO;
				ENABLE_STRICT_OBJC_MSGSEND = YES;
				GCC_C_LANGUAGE_STANDARD = gnu11;
				GCC_NO_COMMON_BLOCKS = YES;
				GCC_WARN_64_TO_32_BIT_CONVERSION = YES;
				GCC_WARN_ABOUT_RETURN_TYPE = YES_ERROR;
				GCC_WARN_UNDECLARED_SELECTOR = YES;
				GCC_WARN_UNINITIALIZED_AUTOS = YES_AGGRESSIVE;
				GCC_WARN_UNUSED_FUNCTION = YES;
				GCC_WARN_UNUSED_VARIABLE = YES;
				IPHONEOS_DEPLOYMENT_TARGET = 16.0;
				MTL_ENABLE_DEBUG_INFO = NO;
				MTL_FAST_MATH = YES;
				SDKROOT = iphoneos;
				SWIFT_COMPILATION_MODE = wholemodule;
				SWIFT_OPTIMIZATION_LEVEL = "-O";
				VALIDATE_PRODUCT = YES;
			};
			name = Release;
		};
		F10A8B5B2975B4EA00550465 /* Debug */ = {
			isa = XCBuildConfiguration;
			buildSettings = {
				ASSETCATALOG_COMPILER_APPICON_NAME = AppIcon;
				ASSETCATALOG_COMPILER_GLOBAL_ACCENT_COLOR_NAME = AccentColor;
				CODE_SIGN_STYLE = Automatic;
				CURRENT_PROJECT_VERSION = 1;
				DEVELOPMENT_TEAM = F89ZK73HYQ;
				GENERATE_INFOPLIST_FILE = YES;
				INFOPLIST_FILE = introduceStudent/Info.plist;
				INFOPLIST_KEY_UIApplicationSupportsIndirectInputEvents = YES;
				INFOPLIST_KEY_UILaunchStoryboardName = LaunchScreen;
				INFOPLIST_KEY_UIMainStoryboardFile = Main;
				INFOPLIST_KEY_UISupportedInterfaceOrientations_iPad = "UIInterfaceOrientationPortrait UIInterfaceOrientationPortraitUpsideDown UIInterfaceOrientationLandscapeLeft UIInterfaceOrientationLandscapeRight";
				INFOPLIST_KEY_UISupportedInterfaceOrientations_iPhone = "UIInterfaceOrientationPortrait UIInterfaceOrientationLandscapeLeft UIInterfaceOrientationLandscapeRight";
				LD_RUNPATH_SEARCH_PATHS = (
					"$(inherited)",
					"@executable_path/Frameworks",
				);
				MARKETING_VERSION = 1.0;
				PRODUCT_BUNDLE_IDENTIFIER = com.camilaaichele.introduceStudent;
				PRODUCT_NAME = "$(TARGET_NAME)";
				SWIFT_EMIT_LOC_STRINGS = YES;
				SWIFT_VERSION = 5.0;
				TARGETED_DEVICE_FAMILY = "1,2";
			};
			name = Debug;
		};
		F10A8B5C2975B4EA00550465 /* Release */ = {
			isa = XCBuildConfiguration;
			buildSettings = {
				ASSETCATALOG_COMPILER_APPICON_NAME = AppIcon;
				ASSETCATALOG_COMPILER_GLOBAL_ACCENT_COLOR_NAME = AccentColor;
				CODE_SIGN_STYLE = Automatic;
				CURRENT_PROJECT_VERSION = 1;
				DEVELOPMENT_TEAM = F89ZK73HYQ;
				GENERATE_INFOPLIST_FILE = YES;
				INFOPLIST_FILE = introduceStudent/Info.plist;
				INFOPLIST_KEY_UIApplicationSupportsIndirectInputEvents = YES;
				INFOPLIST_KEY_UILaunchStoryboardName = LaunchScreen;
				INFOPLIST_KEY_UIMainStoryboardFile = Main;
				INFOPLIST_KEY_UISupportedInterfaceOrientations_iPad = "UIInterfaceOrientationPortrait UIInterfaceOrientationPortraitUpsideDown UIInterfaceOrientationLandscapeLeft UIInterfaceOrientationLandscapeRight";
				INFOPLIST_KEY_UISupportedInterfaceOrientations_iPhone = "UIInterfaceOrientationPortrait UIInterfaceOrientationLandscapeLeft UIInterfaceOrientationLandscapeRight";
				LD_RUNPATH_SEARCH_PATHS = (
					"$(inherited)",
					"@executable_path/Frameworks",
				);
				MARKETING_VERSION = 1.0;
				PRODUCT_BUNDLE_IDENTIFIER = com.camilaaichele.introduceStudent;
				PRODUCT_NAME = "$(TARGET_NAME)";
				SWIFT_EMIT_LOC_STRINGS = YES;
				SWIFT_VERSION = 5.0;
				TARGETED_DEVICE_FAMILY = "1,2";
			};
			name = Release;
		};
		F10A8B5E2975B4EA00550465 /* Debug */ = {
			isa = XCBuildConfiguration;
			buildSettings = {
				ALWAYS_EMBED_SWIFT_STANDARD_LIBRARIES = YES;
				BUNDLE_LOADER = "$(TEST_HOST)";
				CODE_SIGN_STYLE = Automatic;
				CURRENT_PROJECT_VERSION = 1;
				DEVELOPMENT_TEAM = F89ZK73HYQ;
				GENERATE_INFOPLIST_FILE = YES;
				IPHONEOS_DEPLOYMENT_TARGET = 16.0;
				MARKETING_VERSION = 1.0;
				PRODUCT_BUNDLE_IDENTIFIER = com.camilaaichele.introduceStudentTests;
				PRODUCT_NAME = "$(TARGET_NAME)";
				SWIFT_EMIT_LOC_STRINGS = NO;
				SWIFT_VERSION = 5.0;
				TARGETED_DEVICE_FAMILY = "1,2";
				TEST_HOST = "$(BUILT_PRODUCTS_DIR)/introduceStudent.app/$(BUNDLE_EXECUTABLE_FOLDER_PATH)/introduceStudent";
			};
			name = Debug;
		};
		F10A8B5F2975B4EA00550465 /* Release */ = {
			isa = XCBuildConfiguration;
			buildSettings = {
				ALWAYS_EMBED_SWIFT_STANDARD_LIBRARIES = YES;
				BUNDLE_LOADER = "$(TEST_HOST)";
				CODE_SIGN_STYLE = Automatic;
				CURRENT_PROJECT_VERSION = 1;
				DEVELOPMENT_TEAM = F89ZK73HYQ;
				GENERATE_INFOPLIST_FILE = YES;
				IPHONEOS_DEPLOYMENT_TARGET = 16.0;
				MARKETING_VERSION = 1.0;
				PRODUCT_BUNDLE_IDENTIFIER = com.camilaaichele.introduceStudentTests;
				PRODUCT_NAME = "$(TARGET_NAME)";
				SWIFT_EMIT_LOC_STRINGS = NO;
				SWIFT_VERSION = 5.0;
				TARGETED_DEVICE_FAMILY = "1,2";
				TEST_HOST = "$(BUILT_PRODUCTS_DIR)/introduceStudent.app/$(BUNDLE_EXECUTABLE_FOLDER_PATH)/introduceStudent";
			};
			name = Release;
		};
		F10A8B612975B4EA00550465 /* Debug */ = {
			isa = XCBuildConfiguration;
			buildSettings = {
				ALWAYS_EMBED_SWIFT_STANDARD_LIBRARIES = YES;
				CODE_SIGN_STYLE = Automatic;
				CURRENT_PROJECT_VERSION = 1;
				DEVELOPMENT_TEAM = F89ZK73HYQ;
				GENERATE_INFOPLIST_FILE = YES;
				MARKETING_VERSION = 1.0;
				PRODUCT_BUNDLE_IDENTIFIER = com.camilaaichele.introduceStudentUITests;
				PRODUCT_NAME = "$(TARGET_NAME)";
				SWIFT_EMIT_LOC_STRINGS = NO;
				SWIFT_VERSION = 5.0;
				TARGETED_DEVICE_FAMILY = "1,2";
				TEST_TARGET_NAME = introduceStudent;
			};
			name = Debug;
		};
		F10A8B622975B4EA00550465 /* Release */ = {
			isa = XCBuildConfiguration;
			buildSettings = {
				ALWAYS_EMBED_SWIFT_STANDARD_LIBRARIES = YES;
				CODE_SIGN_STYLE = Automatic;
				CURRENT_PROJECT_VERSION = 1;
				DEVELOPMENT_TEAM = F89ZK73HYQ;
				GENERATE_INFOPLIST_FILE = YES;
				MARKETING_VERSION = 1.0;
				PRODUCT_BUNDLE_IDENTIFIER = com.camilaaichele.introduceStudentUITests;
				PRODUCT_NAME = "$(TARGET_NAME)";
				SWIFT_EMIT_LOC_STRINGS = NO;
				SWIFT_VERSION = 5.0;
				TARGETED_DEVICE_FAMILY = "1,2";
				TEST_TARGET_NAME = introduceStudent;
			};
			name = Release;
		};
/* End XCBuildConfiguration section */

/* Begin XCConfigurationList section */
		F10A8B2B2975B4E600550465 /* Build configuration list for PBXProject "introduceStudent" */ = {
			isa = XCConfigurationList;
			buildConfigurations = (
				F10A8B582975B4EA00550465 /* Debug */,
				F10A8B592975B4EA00550465 /* Release */,
			);
			defaultConfigurationIsVisible = 0;
			defaultConfigurationName = Release;
		};
		F10A8B5A2975B4EA00550465 /* Build configuration list for PBXNativeTarget "introduceStudent" */ = {
			isa = XCConfigurationList;
			buildConfigurations = (
				F10A8B5B2975B4EA00550465 /* Debug */,
				F10A8B5C2975B4EA00550465 /* Release */,
			);
			defaultConfigurationIsVisible = 0;
			defaultConfigurationName = Release;
		};
		F10A8B5D2975B4EA00550465 /* Build configuration list for PBXNativeTarget "introduceStudentTests" */ = {
			isa = XCConfigurationList;
			buildConfigurations = (
				F10A8B5E2975B4EA00550465 /* Debug */,
				F10A8B5F2975B4EA00550465 /* Release */,
			);
			defaultConfigurationIsVisible = 0;
			defaultConfigurationName = Release;
		};
		F10A8B602975B4EA00550465 /* Build configuration list for PBXNativeTarget "introduceStudentUITests" */ = {
			isa = XCConfigurationList;
			buildConfigurations = (
				F10A8B612975B4EA00550465 /* Debug */,
				F10A8B622975B4EA00550465 /* Release */,
			);
			defaultConfigurationIsVisible = 0;
			defaultConfigurationName = Release;
		};
/* End XCConfigurationList section */
	};
	rootObject = F10A8B282975B4E600550465 /* Project object */;
}
